
Microsoft Visual Studio Solution File, Format Version 12.00
# Visual Studio Version 17
VisualStudioVersion = 17.6.33815.320
MinimumVisualStudioVersion = 10.0.40219.1
Project("{9A19103F-16F7-4668-BE54-9A1E7A4F7556}") = "API", "API\API.csproj", "{AD6E53A1-3A07-4A74-9410-2A81C1358F31}"
EndProject
Project("{9A19103F-16F7-4668-BE54-9A1E7A4F7556}") = "Client", "Client\Client.csproj", "{9A06A52E-54AA-46DB-B9F7-5CA0B8078FC7}"
EndProject
Project("{9A19103F-16F7-4668-BE54-9A1E7A4F7556}") = "Domain", "Domain\Domain.csproj", "{EE109B37-0F39-4CFE-8AC1-04F94BCE1FA6}"
EndProject
Project("{9A19103F-16F7-4668-BE54-9A1E7A4F7556}") = "Infrastructure", "Infrastructure\Infrastructure.csproj", "{5C502B6E-F63F-4762-BB9C-BE7D0DC1972E}"
EndProject
Project("{9A19103F-16F7-4668-BE54-9A1E7A4F7556}") = "Application", "Application\Application.csproj", "{D51B818A-071A-4B7D-A47A-5F974BBACFBE}"
EndProject
Project("{2150E333-8FDC-42A3-9474-1A3956D46DE8}") = "api", "api", "{8E72D819-FB87-4E54-8359-8E5A6F81741C}"
EndProject
Project("{2150E333-8FDC-42A3-9474-1A3956D46DE8}") = "client", "client", "{AEFAC504-F285-4369-B560-619CB64F3C79}"
EndProject
Project("{2150E333-8FDC-42A3-9474-1A3956D46DE8}") = "tests", "tests", "{1DC4F375-F59C-44DE-B692-CE2140F9E280}"
EndProject
Project("{9A19103F-16F7-4668-BE54-9A1E7A4F7556}") = "Application.UnitTests", "Application.UnitTests\Application.UnitTests.csproj", "{58339E36-42FC-47EA-B8B1-E6B5814FA405}"
EndProject
Project("{9A19103F-16F7-4668-BE54-9A1E7A4F7556}") = "Application.IntegrationTests", "Application.IntegrationTests\Application.IntegrationTests.csproj", "{97F0F9BB-6589-43BD-9872-5B24CF894A73}"
EndProject
Global
	GlobalSection(SolutionConfigurationPlatforms) = preSolution
		Debug|Any CPU = Debug|Any CPU
		Release|Any CPU = Release|Any CPU
	EndGlobalSection
	GlobalSection(ProjectConfigurationPlatforms) = postSolution
		{AD6E53A1-3A07-4A74-9410-2A81C1358F31}.Debug|Any CPU.ActiveCfg = Debug|Any CPU
		{AD6E53A1-3A07-4A74-9410-2A81C1358F31}.Debug|Any CPU.Build.0 = Debug|Any CPU
		{AD6E53A1-3A07-4A74-9410-2A81C1358F31}.Release|Any CPU.ActiveCfg = Release|Any CPU
		{AD6E53A1-3A07-4A74-9410-2A81C1358F31}.Release|Any CPU.Build.0 = Release|Any CPU
		{9A06A52E-54AA-46DB-B9F7-5CA0B8078FC7}.Debug|Any CPU.ActiveCfg = Debug|Any CPU
		{9A06A52E-54AA-46DB-B9F7-5CA0B8078FC7}.Debug|Any CPU.Build.0 = Debug|Any CPU
		{9A06A52E-54AA-46DB-B9F7-5CA0B8078FC7}.Release|Any CPU.ActiveCfg = Release|Any CPU
		{9A06A52E-54AA-46DB-B9F7-5CA0B8078FC7}.Release|Any CPU.Build.0 = Release|Any CPU
		{EE109B37-0F39-4CFE-8AC1-04F94BCE1FA6}.Debug|Any CPU.ActiveCfg = Debug|Any CPU
		{EE109B37-0F39-4CFE-8AC1-04F94BCE1FA6}.Debug|Any CPU.Build.0 = Debug|Any CPU
		{EE109B37-0F39-4CFE-8AC1-04F94BCE1FA6}.Release|Any CPU.ActiveCfg = Release|Any CPU
		{EE109B37-0F39-4CFE-8AC1-04F94BCE1FA6}.Release|Any CPU.Build.0 = Release|Any CPU
		{5C502B6E-F63F-4762-BB9C-BE7D0DC1972E}.Debug|Any CPU.ActiveCfg = Debug|Any CPU
		{5C502B6E-F63F-4762-BB9C-BE7D0DC1972E}.Debug|Any CPU.Build.0 = Debug|Any CPU
		{5C502B6E-F63F-4762-BB9C-BE7D0DC1972E}.Release|Any CPU.ActiveCfg = Release|Any CPU
		{5C502B6E-F63F-4762-BB9C-BE7D0DC1972E}.Release|Any CPU.Build.0 = Release|Any CPU
		{D51B818A-071A-4B7D-A47A-5F974BBACFBE}.Debug|Any CPU.ActiveCfg = Debug|Any CPU
		{D51B818A-071A-4B7D-A47A-5F974BBACFBE}.Debug|Any CPU.Build.0 = Debug|Any CPU
		{D51B818A-071A-4B7D-A47A-5F974BBACFBE}.Release|Any CPU.ActiveCfg = Release|Any CPU
		{D51B818A-071A-4B7D-A47A-5F974BBACFBE}.Release|Any CPU.Build.0 = Release|Any CPU
		{58339E36-42FC-47EA-B8B1-E6B5814FA405}.Debug|Any CPU.ActiveCfg = Debug|Any CPU
		{58339E36-42FC-47EA-B8B1-E6B5814FA405}.Debug|Any CPU.Build.0 = Debug|Any CPU
		{58339E36-42FC-47EA-B8B1-E6B5814FA405}.Release|Any CPU.ActiveCfg = Release|Any CPU
		{58339E36-42FC-47EA-B8B1-E6B5814FA405}.Release|Any CPU.Build.0 = Release|Any CPU
		{97F0F9BB-6589-43BD-9872-5B24CF894A73}.Debug|Any CPU.ActiveCfg = Debug|Any CPU
		{97F0F9BB-6589-43BD-9872-5B24CF894A73}.Debug|Any CPU.Build.0 = Debug|Any CPU
		{97F0F9BB-6589-43BD-9872-5B24CF894A73}.Release|Any CPU.ActiveCfg = Release|Any CPU
		{97F0F9BB-6589-43BD-9872-5B24CF894A73}.Release|Any CPU.Build.0 = Release|Any CPU
	EndGlobalSection
	GlobalSection(SolutionProperties) = preSolution
		HideSolutionNode = FALSE
	EndGlobalSection
	GlobalSection(NestedProjects) = preSolution
		{AD6E53A1-3A07-4A74-9410-2A81C1358F31} = {8E72D819-FB87-4E54-8359-8E5A6F81741C}
		{9A06A52E-54AA-46DB-B9F7-5CA0B8078FC7} = {AEFAC504-F285-4369-B560-619CB64F3C79}
		{EE109B37-0F39-4CFE-8AC1-04F94BCE1FA6} = {8E72D819-FB87-4E54-8359-8E5A6F81741C}
		{5C502B6E-F63F-4762-BB9C-BE7D0DC1972E} = {8E72D819-FB87-4E54-8359-8E5A6F81741C}
		{D51B818A-071A-4B7D-A47A-5F974BBACFBE} = {8E72D819-FB87-4E54-8359-8E5A6F81741C}
		{58339E36-42FC-47EA-B8B1-E6B5814FA405} = {1DC4F375-F59C-44DE-B692-CE2140F9E280}
		{97F0F9BB-6589-43BD-9872-5B24CF894A73} = {1DC4F375-F59C-44DE-B692-CE2140F9E280}
	EndGlobalSection
	GlobalSection(ExtensibilityGlobals) = postSolution
		SolutionGuid = {16D3A5AA-E599-413F-92C8-00120946D8D4}
	EndGlobalSection
EndGlobal
